
Microsoft Visual Studio Solution File, Format Version 12.00
# Visual Studio Version 16
VisualStudioVersion = 16.0.30413.136
MinimumVisualStudioVersion = 10.0.40219.1
Project("{FAE04EC0-301F-11D3-BF4B-00C04F79EFBC}") = "Labb polymorfi", "Labb polymorfi\Labb polymorfi.csproj", "{81504073-EF35-4B5C-A372-099CDE284321}"
EndProject
Project("{9A19103F-16F7-4668-BE54-9A1E7A4F7556}") = "HelloWorld", "..\..\..\..\source\repos\HelloWorld\HelloWorld\HelloWorld.csproj", "{8553538C-8E31-455A-86AF-9CDCB2BFCDE8}"
EndProject
Global
	GlobalSection(SolutionConfigurationPlatforms) = preSolution
		Debug|Any CPU = Debug|Any CPU
		Release|Any CPU = Release|Any CPU
	EndGlobalSection
	GlobalSection(ProjectConfigurationPlatforms) = postSolution
		{81504073-EF35-4B5C-A372-099CDE284321}.Debug|Any CPU.ActiveCfg = Debug|Any CPU
		{81504073-EF35-4B5C-A372-099CDE284321}.Debug|Any CPU.Build.0 = Debug|Any CPU
		{81504073-EF35-4B5C-A372-099CDE284321}.Release|Any CPU.ActiveCfg = Release|Any CPU
		{81504073-EF35-4B5C-A372-099CDE284321}.Release|Any CPU.Build.0 = Release|Any CPU
		{8553538C-8E31-455A-86AF-9CDCB2BFCDE8}.Debug|Any CPU.ActiveCfg = Debug|Any CPU
		{8553538C-8E31-455A-86AF-9CDCB2BFCDE8}.Debug|Any CPU.Build.0 = Debug|Any CPU
		{8553538C-8E31-455A-86AF-9CDCB2BFCDE8}.Release|Any CPU.ActiveCfg = Release|Any CPU
		{8553538C-8E31-455A-86AF-9CDCB2BFCDE8}.Release|Any CPU.Build.0 = Release|Any CPU
	EndGlobalSection
	GlobalSection(SolutionProperties) = preSolution
		HideSolutionNode = FALSE
	EndGlobalSection
	GlobalSection(ExtensibilityGlobals) = postSolution
		SolutionGuid = {E22D08BA-626F-4399-B73D-B92DF28B2081}
	EndGlobalSection
EndGlobal
